
Microsoft Visual Studio Solution File, Format Version 12.00
# Visual Studio 15
VisualStudioVersion = 15.0.28010.2041
MinimumVisualStudioVersion = 10.0.40219.1
Project("{FAE04EC0-301F-11D3-BF4B-00C04F79EFBC}") = "University", "University\University.csproj", "{BF214439-74CB-487C-924E-91FA67552B08}"
EndProject
Global
	GlobalSection(SolutionConfigurationPlatforms) = preSolution
		Debug|Any CPU = Debug|Any CPU
		Release|Any CPU = Release|Any CPU
	EndGlobalSection
	GlobalSection(ProjectConfigurationPlatforms) = postSolution
		{BF214439-74CB-487C-924E-91FA67552B08}.Debug|Any CPU.ActiveCfg = Debug|Any CPU
		{BF214439-74CB-487C-924E-91FA67552B08}.Debug|Any CPU.Build.0 = Debug|Any CPU
		{BF214439-74CB-487C-924E-91FA67552B08}.Release|Any CPU.ActiveCfg = Release|Any CPU
		{BF214439-74CB-487C-924E-91FA67552B08}.Release|Any CPU.Build.0 = Release|Any CPU
	EndGlobalSection
	GlobalSection(SolutionProperties) = preSolution
		HideSolutionNode = FALSE
	EndGlobalSection
	GlobalSection(ExtensibilityGlobals) = postSolution
		SolutionGuid = {FED9CD77-95F5-4D6F-BE86-439602DA2823}
	EndGlobalSection
EndGlobal
